<?xml version="1.0" encoding="utf-8"?>
<Project ToolsVersion="17.0" xmlns="http://schemas.microsoft.com/developer/msbuild/2003">
  <ItemGroup>
    <ClCompile Include="C:\Users\cui\Workspaces\SSEngine\src\sdu\sdnetutils.cpp">
      <Filter>Source Files</Filter>
    </ClCompile>
    <ClCompile Include="C:\Users\cui\Workspaces\SSEngine\src\sdu\sddir.cpp">
      <Filter>Source Files</Filter>
    </ClCompile>
    <ClCompile Include="C:\Users\cui\Workspaces\SSEngine\src\sdu\sdserverid.cpp">
      <Filter>Source Files</Filter>
    </ClCompile>
    <ClCompile Include="C:\Users\cui\Workspaces\SSEngine\src\sdu\sdthread.cpp">
      <Filter>Source Files</Filter>
    </ClCompile>
    <ClCompile Include="C:\Users\cui\Workspaces\SSEngine\src\sdu\sdmutex.cpp">
      <Filter>Source Files</Filter>
    </ClCompile>
    <ClCompile Include="C:\Users\cui\Workspaces\SSEngine\src\sdu\sdcondition.cpp">
      <Filter>Source Files</Filter>
    </ClCompile>
    <ClCompile Include="C:\Users\cui\Workspaces\SSEngine\src\sdu\sdtime.cpp">
      <Filter>Source Files</Filter>
    </ClCompile>
    <ClCompile Include="C:\Users\cui\Workspaces\SSEngine\src\sdu\sdfile.cpp">
      <Filter>Source Files</Filter>
    </ClCompile>
    <ClCompile Include="C:\Users\cui\Workspaces\SSEngine\src\sdu\sdatomic.cpp">
      <Filter>Source Files</Filter>
    </ClCompile>
    <ClCompile Include="C:\Users\cui\Workspaces\SSEngine\src\sdu\sdfilemapping.cpp">
      <Filter>Source Files</Filter>
    </ClCompile>
    <ClCompile Include="C:\Users\cui\Workspaces\SSEngine\src\sdu\sdshmem.cpp">
      <Filter>Source Files</Filter>
    </ClCompile>
    <ClCompile Include="C:\Users\cui\Workspaces\SSEngine\src\sdu\sdprocess.cpp">
      <Filter>Source Files</Filter>
    </ClCompile>
    <ClCompile Include="C:\Users\cui\Workspaces\SSEngine\src\sdu\sdregex.cpp">
      <Filter>Source Files</Filter>
    </ClCompile>
    <ClCompile Include="C:\Users\cui\Workspaces\SSEngine\src\sdu\sdcsvfile.cpp">
      <Filter>Source Files</Filter>
    </ClCompile>
    <ClCompile Include="C:\Users\cui\Workspaces\SSEngine\src\sdu\sddatastream.cpp">
      <Filter>Source Files</Filter>
    </ClCompile>
    <ClCompile Include="C:\Users\cui\Workspaces\SSEngine\src\sdu\sdloopbuffer.cpp">
      <Filter>Source Files</Filter>
    </ClCompile>
    <ClCompile Include="C:\Users\cui\Workspaces\SSEngine\src\sdu\sdrandom.cpp">
      <Filter>Source Files</Filter>
    </ClCompile>
    <ClCompile Include="C:\Users\cui\Workspaces\SSEngine\src\sdu\sddataqueue.cpp">
      <Filter>Source Files</Filter>
    </ClCompile>
    <ClCompile Include="C:\Users\cui\Workspaces\SSEngine\src\sdu\sdconfig.cpp">
      <Filter>Source Files</Filter>
    </ClCompile>
    <ClCompile Include="C:\Users\cui\Workspaces\SSEngine\src\sdu\sdconfigure.cpp">
      <Filter>Source Files</Filter>
    </ClCompile>
    <ClCompile Include="C:\Users\cui\Workspaces\SSEngine\src\sdu\sdthreadctrl.cpp">
      <Filter>Source Files</Filter>
    </ClCompile>
    <ClCompile Include="C:\Users\cui\Workspaces\SSEngine\src\sdu\sdtimer.cpp">
      <Filter>Source Files</Filter>
    </ClCompile>
    <ClCompile Include="C:\Users\cui\Workspaces\SSEngine\src\sdu\sdtranslate.cpp">
      <Filter>Source Files</Filter>
    </ClCompile>
    <ClCompile Include="C:\Users\cui\Workspaces\SSEngine\src\sdu\sdstring.cpp">
      <Filter>Source Files</Filter>
    </ClCompile>
    <ClCompile Include="C:\Users\cui\Workspaces\SSEngine\src\sdu\sdthreadpool.cpp">
      <Filter>Source Files</Filter>
    </ClCompile>
    <ClCompile Include="C:\Users\cui\Workspaces\SSEngine\src\sdu\sdmemorypool.cpp">
      <Filter>Source Files</Filter>
    </ClCompile>
    <ClCompile Include="C:\Users\cui\Workspaces\SSEngine\src\sdu\sdobject_allocator.cpp">
      <Filter>Source Files</Filter>
    </ClCompile>
    <ClCompile Include="C:\Users\cui\Workspaces\SSEngine\src\sdu\sdfifo.cpp">
      <Filter>Source Files</Filter>
    </ClCompile>
    <ClCompile Include="C:\Users\cui\Workspaces\SSEngine\src\sdu\sdidpool.cpp">
      <Filter>Source Files</Filter>
    </ClCompile>
    <ClCompile Include="C:\Users\cui\Workspaces\SSEngine\src\sdu\sdindexer.cpp">
      <Filter>Source Files</Filter>
    </ClCompile>
    <ClCompile Include="C:\Users\cui\Workspaces\SSEngine\src\sdu\sdshm.cpp">
      <Filter>Source Files</Filter>
    </ClCompile>
    <ClCompile Include="C:\Users\cui\Workspaces\SSEngine\src\sdu\placeholder.cpp">
      <Filter>Source Files</Filter>
    </ClCompile>
  </ItemGroup>
  <ItemGroup>
    <CustomBuild Include="C:\Users\cui\Workspaces\SSEngine\src\CMakeLists.txt" />
  </ItemGroup>
  <ItemGroup>
    <Filter Include="Source Files">
      <UniqueIdentifier>{1B46CE19-7274-3896-ADD0-DB93C75E631C}</UniqueIdentifier>
    </Filter>
  </ItemGroup>
</Project>
