<?xml version="1.0" encoding="utf-8"?>
<Project ToolsVersion="17.0" xmlns="http://schemas.microsoft.com/developer/msbuild/2003">
  <ItemGroup>
    <CustomBuild Include="C:\Users\cui\Workspaces\SSEngine\build-tests\CMakeFiles\4d301040b790ae72215eab978564240b\generate.stamp.rule">
      <Filter>CMake Rules</Filter>
    </CustomBuild>
  </ItemGroup>
  <ItemGroup>
    <Filter Include="CMake Rules">
      <UniqueIdentifier>{68F1A7E4-5FFF-3B17-906C-2BD039E55D7B}</UniqueIdentifier>
    </Filter>
  </ItemGroup>
</Project>
